
Microsoft Visual Studio Solution File, Format Version 12.00
# Visual Studio Version 17
VisualStudioVersion = 17.0.31903.59
MinimumVisualStudioVersion = 10.0.40219.1
Project("{FAE04EC0-301F-11D3-BF4B-00C04F79EFBC}") = "SecureTaskApi", "SecureTaskApi\SecureTaskApi.csproj", "{DE6C67A4-52EC-4077-B411-F081444217E8}"
EndProject
Project("{FAE04EC0-301F-11D3-BF4B-00C04F79EFBC}") = "SecureTaskWeb", "SecureTaskWeb\SecureTaskWeb.csproj", "{4C6B8AE1-079D-42FD-A380-8DC8607AB975}"
EndProject
Global
	GlobalSection(SolutionConfigurationPlatforms) = preSolution
		Debug|Any CPU = Debug|Any CPU
		Release|Any CPU = Release|Any CPU
	EndGlobalSection
	GlobalSection(SolutionProperties) = preSolution
		HideSolutionNode = FALSE
	EndGlobalSection
	GlobalSection(ProjectConfigurationPlatforms) = postSolution
		{DE6C67A4-52EC-4077-B411-F081444217E8}.Debug|Any CPU.ActiveCfg = Debug|Any CPU
		{DE6C67A4-52EC-4077-B411-F081444217E8}.Debug|Any CPU.Build.0 = Debug|Any CPU
		{DE6C67A4-52EC-4077-B411-F081444217E8}.Release|Any CPU.ActiveCfg = Release|Any CPU
		{DE6C67A4-52EC-4077-B411-F081444217E8}.Release|Any CPU.Build.0 = Release|Any CPU
		{4C6B8AE1-079D-42FD-A380-8DC8607AB975}.Debug|Any CPU.ActiveCfg = Debug|Any CPU
		{4C6B8AE1-079D-42FD-A380-8DC8607AB975}.Debug|Any CPU.Build.0 = Debug|Any CPU
		{4C6B8AE1-079D-42FD-A380-8DC8607AB975}.Release|Any CPU.ActiveCfg = Release|Any CPU
		{4C6B8AE1-079D-42FD-A380-8DC8607AB975}.Release|Any CPU.Build.0 = Release|Any CPU
	EndGlobalSection
EndGlobal
